uuid: 2355b4d6-54b9-45f7-a2fe-e3bfa29cff5d
langcode: en
status: true
dependencies:
  module:
    - kenny_training
    - system
  theme:
    - kenny
id: kenny_favorite_training_block
theme: kenny
region: content
weight: 0
provider: null
plugin: kenny_favorite_training_block
settings:
  id: kenny_favorite_training_block
  label: 'Kenny Favorite Training Block'
  label_display: visible
  provider: kenny_training
visibility:
  request_path:
    id: request_path
    negate: false
    pages: /calendar
