uuid: ebe9bf92-3017-409d-bcbe-7d80889ff3ba
langcode: en
status: true
dependencies:
  module:
    - kenny_girls_stats
    - system
  theme:
    - kenny
id: kenny_girls_stats_by_exercise_block
theme: kenny
region: content
weight: 0
provider: null
plugin: kenny_girls_stats_block
settings:
  id: kenny_girls_stats_block
  label: 'Kenny Girls Stats by exercise Block'
  label_display: '0'
  provider: kenny_girls_stats
visibility:
  request_path:
    id: request_path
    negate: false
    pages: /girls-stats
