uuid: a7b3e2d1-7415-44d1-8edb-31f9b41981de
langcode: en
status: true
dependencies:
  module:
    - kenny_training
    - system
  theme:
    - kenny
id: kenny_kennynewtrainingmanblock
theme: kenny
region: content
weight: -4
provider: null
plugin: kenny_new_training_man_block
settings:
  id: kenny_new_training_man_block
  label: 'Kenny New Training Man Block'
  label_display: '0'
  provider: kenny_training
visibility:
  request_path:
    id: request_path
    negate: false
    pages: /training
